
Microsoft Visual Studio Solution File, Format Version 12.00
# Visual Studio Version 16
VisualStudioVersion = 16.0.31205.134
MinimumVisualStudioVersion = 10.0.40219.1
Project("{FAE04EC0-301F-11D3-BF4B-00C04F79EFBC}") = "MapAerials", "MapAerials\MapAerials.csproj", "{BCE53488-7CE5-4D64-A77C-19AFDB97ECBC}"
EndProject
Global
	GlobalSection(SolutionConfigurationPlatforms) = preSolution
		Debug|Any CPU = Debug|Any CPU
		Release|Any CPU = Release|Any CPU
	EndGlobalSection
	GlobalSection(ProjectConfigurationPlatforms) = postSolution
		{BCE53488-7CE5-4D64-A77C-19AFDB97ECBC}.Debug|Any CPU.ActiveCfg = Debug|Any CPU
		{BCE53488-7CE5-4D64-A77C-19AFDB97ECBC}.Debug|Any CPU.Build.0 = Debug|Any CPU
		{BCE53488-7CE5-4D64-A77C-19AFDB97ECBC}.Release|Any CPU.ActiveCfg = Release|Any CPU
		{BCE53488-7CE5-4D64-A77C-19AFDB97ECBC}.Release|Any CPU.Build.0 = Release|Any CPU
	EndGlobalSection
	GlobalSection(SolutionProperties) = preSolution
		HideSolutionNode = FALSE
	EndGlobalSection
	GlobalSection(ExtensibilityGlobals) = postSolution
		SolutionGuid = {4039A1DF-2326-4C99-9458-93256EEE49EB}
	EndGlobalSection
EndGlobal
